
Microsoft Visual Studio Solution File, Format Version 12.00
# Visual Studio 2013
VisualStudioVersion = 12.0.40629.0
MinimumVisualStudioVersion = 10.0.40219.1
Project("{FAE04EC0-301F-11D3-BF4B-00C04F79EFBC}") = "timeBase", "timeBase\timeBase.csproj", "{F1E99D1F-8C44-4F20-BEDE-9D447BB4C72F}"
EndProject
Project("{FAE04EC0-301F-11D3-BF4B-00C04F79EFBC}") = "timeSeed", "timeSeed\timeSeed.csproj", "{3A80D4F6-1F59-489E-ABC8-07EFBABAFBC1}"
EndProject
Project("{FAE04EC0-301F-11D3-BF4B-00C04F79EFBC}") = "timeAPI", "timeAPI\timeAPI.csproj", "{755722BD-E0FC-40D0-A4D1-4AE158635ABC}"
EndProject
Global
	GlobalSection(SolutionConfigurationPlatforms) = preSolution
		Debug|Any CPU = Debug|Any CPU
		Release|Any CPU = Release|Any CPU
	EndGlobalSection
	GlobalSection(ProjectConfigurationPlatforms) = postSolution
		{F1E99D1F-8C44-4F20-BEDE-9D447BB4C72F}.Debug|Any CPU.ActiveCfg = Debug|Any CPU
		{F1E99D1F-8C44-4F20-BEDE-9D447BB4C72F}.Debug|Any CPU.Build.0 = Debug|Any CPU
		{F1E99D1F-8C44-4F20-BEDE-9D447BB4C72F}.Release|Any CPU.ActiveCfg = Release|Any CPU
		{F1E99D1F-8C44-4F20-BEDE-9D447BB4C72F}.Release|Any CPU.Build.0 = Release|Any CPU
		{3A80D4F6-1F59-489E-ABC8-07EFBABAFBC1}.Debug|Any CPU.ActiveCfg = Debug|Any CPU
		{3A80D4F6-1F59-489E-ABC8-07EFBABAFBC1}.Debug|Any CPU.Build.0 = Debug|Any CPU
		{3A80D4F6-1F59-489E-ABC8-07EFBABAFBC1}.Release|Any CPU.ActiveCfg = Release|Any CPU
		{3A80D4F6-1F59-489E-ABC8-07EFBABAFBC1}.Release|Any CPU.Build.0 = Release|Any CPU
		{755722BD-E0FC-40D0-A4D1-4AE158635ABC}.Debug|Any CPU.ActiveCfg = Debug|Any CPU
		{755722BD-E0FC-40D0-A4D1-4AE158635ABC}.Debug|Any CPU.Build.0 = Debug|Any CPU
		{755722BD-E0FC-40D0-A4D1-4AE158635ABC}.Release|Any CPU.ActiveCfg = Release|Any CPU
		{755722BD-E0FC-40D0-A4D1-4AE158635ABC}.Release|Any CPU.Build.0 = Release|Any CPU
	EndGlobalSection
	GlobalSection(SolutionProperties) = preSolution
		HideSolutionNode = FALSE
	EndGlobalSection
EndGlobal
